PODS:
  - Alamofire (5.0.0.beta.1)
  - IQKeyboardManager (5.0.8)
  - R.swift (4.0.0):
    - R.swift.Library (~> 4.0.0)
  - R.swift.Library (4.0.0)
  - SwiftLint (0.25.0)
  - SWRevealViewController (2.3.0)
  - TextFieldEffects (1.4.0)

DEPENDENCIES:
  - Alamofire (from `https://github.com/Alamofire/Alamofire.git`, branch `httpheaders`)
  - IQKeyboardManager
  - R.swift
  - R.swift.Library
  - SwiftLint
  - SWRevealViewController
  - TextFieldEffects

EXTERNAL SOURCES:
  Alamofire:
    :branch: httpheaders
    :git: https://github.com/Alamofire/Alamofire.git

CHECKOUT OPTIONS:
  Alamofire:
    :commit: 145321e079bbe689fd84212a9aef0b223f87eb18
    :git: https://github.com/Alamofire/Alamofire.git

SPEC CHECKSUMS:
  Alamofire: 8dc618ab9e6a26d9d77559e4c35e59e56451e69e
  IQKeyboardManager: 266cb7b1d11f94a3e71229d77f960f9a1b538e5b
  R.swift: d6a5ec2f55a8441dc0ed9f1f8b37d7d11ae85c66
  R.swift.Library: c3af34921024333546e23b70e70d0b4e0cffca75
  SwiftLint: e14651157288e9e01d6e1a71db7014fb5744a8ea
  SWRevealViewController: 6d3fd97f70112fd7cef9de14df4260eacce4c63a
  TextFieldEffects: 4ee41b5216e674d55fb6ac25107bf1af7629176f

PODFILE CHECKSUM: dc2258bb413957d42ba30a71f49d757d83ef4853

COCOAPODS: 1.4.0
