PODS:
  - IQKeyboardManager (5.0.8)
  - R.swift (4.0.0):
    - R.swift.Library (~> 4.0.0)
  - R.swift.Library (4.0.0)
  - SwiftLint (0.25.0)

DEPENDENCIES:
  - IQKeyboardManager
  - R.swift
  - SwiftLint

SPEC CHECKSUMS:
  IQKeyboardManager: 266cb7b1d11f94a3e71229d77f960f9a1b538e5b
  R.swift: d6a5ec2f55a8441dc0ed9f1f8b37d7d11ae85c66
  R.swift.Library: c3af34921024333546e23b70e70d0b4e0cffca75
  SwiftLint: e14651157288e9e01d6e1a71db7014fb5744a8ea

PODFILE CHECKSUM: 5d094e763866aa317df63c426aa99fcf0575dc18

COCOAPODS: 1.4.0
