// !$*UTF8*$!
{
	archiveVersion = 1;
	classes = {
	};
	objectVersion = 48;
	objects = {

/* Begin PBXBuildFile section */
		16F50F3C6C71B0533167F07B /* Pods_NewsFeedApp.framework in Frameworks */ = {isa = PBXBuildFile; fileRef = D347365B6A8F3E94C182CA27 /* Pods_NewsFeedApp.framework */; };
		37502C08206BED6700F3CD27 /* LoginViewController.swift in Sources */ = {isa = PBXBuildFile; fileRef = 37502C07206BED6700F3CD27 /* LoginViewController.swift */; };
		37502C0A206BEDD300F3CD27 /* LoginScene.storyboard in Resources */ = {isa = PBXBuildFile; fileRef = 37502C09206BEDD300F3CD27 /* LoginScene.storyboard */; };
		3799B2DC206BCB8F00730E85 /* AppDelegate.swift in Sources */ = {isa = PBXBuildFile; fileRef = 3799B2DB206BCB8F00730E85 /* AppDelegate.swift */; };
		3799B2E1206BCB8F00730E85 /* Main.storyboard in Resources */ = {isa = PBXBuildFile; fileRef = 3799B2DF206BCB8F00730E85 /* Main.storyboard */; };
		3799B2E3206BCB8F00730E85 /* Assets.xcassets in Resources */ = {isa = PBXBuildFile; fileRef = 3799B2E2206BCB8F00730E85 /* Assets.xcassets */; };
		3799B2E6206BCB8F00730E85 /* LaunchScreen.storyboard in Resources */ = {isa = PBXBuildFile; fileRef = 3799B2E4206BCB8F00730E85 /* LaunchScreen.storyboard */; };
		3799B2F1206BCB8F00730E85 /* NewsFeedAppTests.swift in Sources */ = {isa = PBXBuildFile; fileRef = 3799B2F0206BCB8F00730E85 /* NewsFeedAppTests.swift */; };
		3799B2FC206BCB8F00730E85 /* NewsFeedAppUITests.swift in Sources */ = {isa = PBXBuildFile; fileRef = 3799B2FB206BCB8F00730E85 /* NewsFeedAppUITests.swift */; };
		37D4022A206BCCF600519DC9 /* ArticlesViewController.swift in Sources */ = {isa = PBXBuildFile; fileRef = 37D40229206BCCF600519DC9 /* ArticlesViewController.swift */; };
		37D40235206BCE9600519DC9 /* R.generated.swift in Sources */ = {isa = PBXBuildFile; fileRef = 37D40234206BCE9600519DC9 /* R.generated.swift */; };
		37D4023C206BE61600519DC9 /* UITableView+.swift in Sources */ = {isa = PBXBuildFile; fileRef = 37D4023B206BE61600519DC9 /* UITableView+.swift */; };
		37D4023F206BE64500519DC9 /* UIColor+.swift in Sources */ = {isa = PBXBuildFile; fileRef = 37D4023E206BE64500519DC9 /* UIColor+.swift */; };
		898D9222CFF8A203ADC6E03A /* Pods_NewsFeedAppUITests.framework in Frameworks */ = {isa = PBXBuildFile; fileRef = 1071866D62E3C02D38C24D13 /* Pods_NewsFeedAppUITests.framework */; };
		AB5DD46DFA37336741B31C0D /* Pods_NewsFeedAppTests.framework in Frameworks */ = {isa = PBXBuildFile; fileRef = 8395404AEDC7EDAF24706173 /* Pods_NewsFeedAppTests.framework */; };
/* End PBXBuildFile section */

/* Begin PBXContainerItemProxy section */
		3799B2ED206BCB8F00730E85 /* PBXContainerItemProxy */ = {
			isa = PBXContainerItemProxy;
			containerPortal = 3799B2D0206BCB8E00730E85 /* Project object */;
			proxyType = 1;
			remoteGlobalIDString = 3799B2D7206BCB8E00730E85;
			remoteInfo = NewsFeedApp;
		};
		3799B2F8206BCB8F00730E85 /* PBXContainerItemProxy */ = {
			isa = PBXContainerItemProxy;
			containerPortal = 3799B2D0206BCB8E00730E85 /* Project object */;
			proxyType = 1;
			remoteGlobalIDString = 3799B2D7206BCB8E00730E85;
			remoteInfo = NewsFeedApp;
		};
/* End PBXContainerItemProxy section */

/* Begin PBXFileReference section */
		1071866D62E3C02D38C24D13 /* Pods_NewsFeedAppUITests.framework */ = {isa = PBXFileReference; explicitFileType = wrapper.framework; includeInIndex = 0; path = Pods_NewsFeedAppUITests.framework; sourceTree = BUILT_PRODUCTS_DIR; };
		23FB444BDB0D4D97D15B069F /* Pods-NewsFeedAppUITests.debug.xcconfig */ = {isa = PBXFileReference; includeInIndex = 1; lastKnownFileType = text.xcconfig; name = "Pods-NewsFeedAppUITests.debug.xcconfig"; path = "Pods/Target Support Files/Pods-NewsFeedAppUITests/Pods-NewsFeedAppUITests.debug.xcconfig"; sourceTree = "<group>"; };
		2485B1203A55F3C4D45A1151 /* Pods-NewsFeedApp.debug.xcconfig */ = {isa = PBXFileReference; includeInIndex = 1; lastKnownFileType = text.xcconfig; name = "Pods-NewsFeedApp.debug.xcconfig"; path = "Pods/Target Support Files/Pods-NewsFeedApp/Pods-NewsFeedApp.debug.xcconfig"; sourceTree = "<group>"; };
		2687E13D006776F5CEFC777C /* Pods-NewsFeedAppTests.debug.xcconfig */ = {isa = PBXFileReference; includeInIndex = 1; lastKnownFileType = text.xcconfig; name = "Pods-NewsFeedAppTests.debug.xcconfig"; path = "Pods/Target Support Files/Pods-NewsFeedAppTests/Pods-NewsFeedAppTests.debug.xcconfig"; sourceTree = "<group>"; };
		27AEEE7146244A0EF69B2F6A /* Pods-NewsFeedAppTests.release.xcconfig */ = {isa = PBXFileReference; includeInIndex = 1; lastKnownFileType = text.xcconfig; name = "Pods-NewsFeedAppTests.release.xcconfig"; path = "Pods/Target Support Files/Pods-NewsFeedAppTests/Pods-NewsFeedAppTests.release.xcconfig"; sourceTree = "<group>"; };
		37502C07206BED6700F3CD27 /* LoginViewController.swift */ = {isa = PBXFileReference; lastKnownFileType = sourcecode.swift; path = LoginViewController.swift; sourceTree = "<group>"; };
		37502C09206BEDD300F3CD27 /* LoginScene.storyboard */ = {isa = PBXFileReference; lastKnownFileType = file.storyboard; path = LoginScene.storyboard; sourceTree = "<group>"; };
		3799B2D8206BCB8F00730E85 /* NewsFeedApp.app */ = {isa = PBXFileReference; explicitFileType = wrapper.application; includeInIndex = 0; path = NewsFeedApp.app; sourceTree = BUILT_PRODUCTS_DIR; };
		3799B2DB206BCB8F00730E85 /* AppDelegate.swift */ = {isa = PBXFileReference; lastKnownFileType = sourcecode.swift; path = AppDelegate.swift; sourceTree = "<group>"; };
		3799B2E0206BCB8F00730E85 /* Base */ = {isa = PBXFileReference; lastKnownFileType = file.storyboard; name = Base; path = Base.lproj/Main.storyboard; sourceTree = "<group>"; };
		3799B2E2206BCB8F00730E85 /* Assets.xcassets */ = {isa = PBXFileReference; lastKnownFileType = folder.assetcatalog; path = Assets.xcassets; sourceTree = "<group>"; };
		3799B2E5206BCB8F00730E85 /* Base */ = {isa = PBXFileReference; lastKnownFileType = file.storyboard; name = Base; path = Base.lproj/LaunchScreen.storyboard; sourceTree = "<group>"; };
		3799B2E7206BCB8F00730E85 /* Info.plist */ = {isa = PBXFileReference; lastKnownFileType = text.plist.xml; path = Info.plist; sourceTree = "<group>"; };
		3799B2EC206BCB8F00730E85 /* NewsFeedAppTests.xctest */ = {isa = PBXFileReference; explicitFileType = wrapper.cfbundle; includeInIndex = 0; path = NewsFeedAppTests.xctest; sourceTree = BUILT_PRODUCTS_DIR; };
		3799B2F0206BCB8F00730E85 /* NewsFeedAppTests.swift */ = {isa = PBXFileReference; lastKnownFileType = sourcecode.swift; path = NewsFeedAppTests.swift; sourceTree = "<group>"; };
		3799B2F2206BCB8F00730E85 /* Info.plist */ = {isa = PBXFileReference; lastKnownFileType = text.plist.xml; path = Info.plist; sourceTree = "<group>"; };
		3799B2F7206BCB8F00730E85 /* NewsFeedAppUITests.xctest */ = {isa = PBXFileReference; explicitFileType = wrapper.cfbundle; includeInIndex = 0; path = NewsFeedAppUITests.xctest; sourceTree = BUILT_PRODUCTS_DIR; };
		3799B2FB206BCB8F00730E85 /* NewsFeedAppUITests.swift */ = {isa = PBXFileReference; lastKnownFileType = sourcecode.swift; path = NewsFeedAppUITests.swift; sourceTree = "<group>"; };
		3799B2FD206BCB8F00730E85 /* Info.plist */ = {isa = PBXFileReference; lastKnownFileType = text.plist.xml; path = Info.plist; sourceTree = "<group>"; };
		37D40229206BCCF600519DC9 /* ArticlesViewController.swift */ = {isa = PBXFileReference; lastKnownFileType = sourcecode.swift; path = ArticlesViewController.swift; sourceTree = "<group>"; };
		37D40234206BCE9600519DC9 /* R.generated.swift */ = {isa = PBXFileReference; fileEncoding = 4; lastKnownFileType = sourcecode.swift; path = R.generated.swift; sourceTree = SOURCE_ROOT; };
		37D4023B206BE61600519DC9 /* UITableView+.swift */ = {isa = PBXFileReference; lastKnownFileType = sourcecode.swift; path = "UITableView+.swift"; sourceTree = "<group>"; };
		37D4023E206BE64500519DC9 /* UIColor+.swift */ = {isa = PBXFileReference; lastKnownFileType = sourcecode.swift; path = "UIColor+.swift"; sourceTree = "<group>"; };
		8395404AEDC7EDAF24706173 /* Pods_NewsFeedAppTests.framework */ = {isa = PBXFileReference; explicitFileType = wrapper.framework; includeInIndex = 0; path = Pods_NewsFeedAppTests.framework; sourceTree = BUILT_PRODUCTS_DIR; };
		D347365B6A8F3E94C182CA27 /* Pods_NewsFeedApp.framework */ = {isa = PBXFileReference; explicitFileType = wrapper.framework; includeInIndex = 0; path = Pods_NewsFeedApp.framework; sourceTree = BUILT_PRODUCTS_DIR; };
		E3C756FAFB673969B0AE270D /* Pods-NewsFeedAppUITests.release.xcconfig */ = {isa = PBXFileReference; includeInIndex = 1; lastKnownFileType = text.xcconfig; name = "Pods-NewsFeedAppUITests.release.xcconfig"; path = "Pods/Target Support Files/Pods-NewsFeedAppUITests/Pods-NewsFeedAppUITests.release.xcconfig"; sourceTree = "<group>"; };
		FB094123886A674045C57E65 /* Pods-NewsFeedApp.release.xcconfig */ = {isa = PBXFileReference; includeInIndex = 1; lastKnownFileType = text.xcconfig; name = "Pods-NewsFeedApp.release.xcconfig"; path = "Pods/Target Support Files/Pods-NewsFeedApp/Pods-NewsFeedApp.release.xcconfig"; sourceTree = "<group>"; };
/* End PBXFileReference section */

/* Begin PBXFrameworksBuildPhase section */
		3799B2D5206BCB8E00730E85 /* Frameworks */ = {
			isa = PBXFrameworksBuildPhase;
			buildActionMask = 2147483647;
			files = (
				16F50F3C6C71B0533167F07B /* Pods_NewsFeedApp.framework in Frameworks */,
			);
			runOnlyForDeploymentPostprocessing = 0;
		};
		3799B2E9206BCB8F00730E85 /* Frameworks */ = {
			isa = PBXFrameworksBuildPhase;
			buildActionMask = 2147483647;
			files = (
				AB5DD46DFA37336741B31C0D /* Pods_NewsFeedAppTests.framework in Frameworks */,
			);
			runOnlyForDeploymentPostprocessing = 0;
		};
		3799B2F4206BCB8F00730E85 /* Frameworks */ = {
			isa = PBXFrameworksBuildPhase;
			buildActionMask = 2147483647;
			files = (
				898D9222CFF8A203ADC6E03A /* Pods_NewsFeedAppUITests.framework in Frameworks */,
			);
			runOnlyForDeploymentPostprocessing = 0;
		};
/* End PBXFrameworksBuildPhase section */

/* Begin PBXGroup section */
		1E6A938BD54D76638E48B10A /* Pods */ = {
			isa = PBXGroup;
			children = (
				2485B1203A55F3C4D45A1151 /* Pods-NewsFeedApp.debug.xcconfig */,
				FB094123886A674045C57E65 /* Pods-NewsFeedApp.release.xcconfig */,
				2687E13D006776F5CEFC777C /* Pods-NewsFeedAppTests.debug.xcconfig */,
				27AEEE7146244A0EF69B2F6A /* Pods-NewsFeedAppTests.release.xcconfig */,
				23FB444BDB0D4D97D15B069F /* Pods-NewsFeedAppUITests.debug.xcconfig */,
				E3C756FAFB673969B0AE270D /* Pods-NewsFeedAppUITests.release.xcconfig */,
			);
			name = Pods;
			sourceTree = "<group>";
		};
		3799B2CF206BCB8E00730E85 = {
			isa = PBXGroup;
			children = (
				3799B2DA206BCB8F00730E85 /* NewsFeedApp */,
				3799B2EF206BCB8F00730E85 /* NewsFeedAppTests */,
				3799B2FA206BCB8F00730E85 /* NewsFeedAppUITests */,
				3799B2D9206BCB8F00730E85 /* Products */,
				1E6A938BD54D76638E48B10A /* Pods */,
				839EB88B0D494FB3F9915AFB /* Frameworks */,
			);
			sourceTree = "<group>";
		};
		3799B2D9206BCB8F00730E85 /* Products */ = {
			isa = PBXGroup;
			children = (
				3799B2D8206BCB8F00730E85 /* NewsFeedApp.app */,
				3799B2EC206BCB8F00730E85 /* NewsFeedAppTests.xctest */,
				3799B2F7206BCB8F00730E85 /* NewsFeedAppUITests.xctest */,
			);
			name = Products;
			sourceTree = "<group>";
		};
		3799B2DA206BCB8F00730E85 /* NewsFeedApp */ = {
			isa = PBXGroup;
			children = (
				37D40234206BCE9600519DC9 /* R.generated.swift */,
				3799B2DB206BCB8F00730E85 /* AppDelegate.swift */,
				3799B2E2206BCB8F00730E85 /* Assets.xcassets */,
				3799B2E7206BCB8F00730E85 /* Info.plist */,
				37D40228206BCCCA00519DC9 /* Storyboards */,
				37D4022B206BCCFB00519DC9 /* ViewControllers */,
				37D40242206BE69400519DC9 /* Cells */,
				37D40241206BE67B00519DC9 /* Networking */,
				37D40240206BE66C00519DC9 /* Models */,
				37D4023D206BE61B00519DC9 /* Extensions */,
			);
			path = NewsFeedApp;
			sourceTree = "<group>";
		};
		3799B2EF206BCB8F00730E85 /* NewsFeedAppTests */ = {
			isa = PBXGroup;
			children = (
				3799B2F0206BCB8F00730E85 /* NewsFeedAppTests.swift */,
				3799B2F2206BCB8F00730E85 /* Info.plist */,
			);
			path = NewsFeedAppTests;
			sourceTree = "<group>";
		};
		3799B2FA206BCB8F00730E85 /* NewsFeedAppUITests */ = {
			isa = PBXGroup;
			children = (
				3799B2FB206BCB8F00730E85 /* NewsFeedAppUITests.swift */,
				3799B2FD206BCB8F00730E85 /* Info.plist */,
			);
			path = NewsFeedAppUITests;
			sourceTree = "<group>";
		};
		37D40228206BCCCA00519DC9 /* Storyboards */ = {
			isa = PBXGroup;
			children = (
				3799B2DF206BCB8F00730E85 /* Main.storyboard */,
				3799B2E4206BCB8F00730E85 /* LaunchScreen.storyboard */,
				37502C09206BEDD300F3CD27 /* LoginScene.storyboard */,
			);
			path = Storyboards;
			sourceTree = "<group>";
		};
		37D4022B206BCCFB00519DC9 /* ViewControllers */ = {
			isa = PBXGroup;
			children = (
				37D40229206BCCF600519DC9 /* ArticlesViewController.swift */,
				37502C07206BED6700F3CD27 /* LoginViewController.swift */,
			);
			path = ViewControllers;
			sourceTree = "<group>";
		};
		37D4023D206BE61B00519DC9 /* Extensions */ = {
			isa = PBXGroup;
			children = (
				37D4023B206BE61600519DC9 /* UITableView+.swift */,
				37D4023E206BE64500519DC9 /* UIColor+.swift */,
			);
			path = Extensions;
			sourceTree = "<group>";
		};
		37D40240206BE66C00519DC9 /* Models */ = {
			isa = PBXGroup;
			children = (
			);
			path = Models;
			sourceTree = "<group>";
		};
		37D40241206BE67B00519DC9 /* Networking */ = {
			isa = PBXGroup;
			children = (
			);
			path = Networking;
			sourceTree = "<group>";
		};
		37D40242206BE69400519DC9 /* Cells */ = {
			isa = PBXGroup;
			children = (
			);
			path = Cells;
			sourceTree = "<group>";
		};
		839EB88B0D494FB3F9915AFB /* Frameworks */ = {
			isa = PBXGroup;
			children = (
				D347365B6A8F3E94C182CA27 /* Pods_NewsFeedApp.framework */,
				8395404AEDC7EDAF24706173 /* Pods_NewsFeedAppTests.framework */,
				1071866D62E3C02D38C24D13 /* Pods_NewsFeedAppUITests.framework */,
			);
			name = Frameworks;
			sourceTree = "<group>";
		};
/* End PBXGroup section */

/* Begin PBXNativeTarget section */
		3799B2D7206BCB8E00730E85 /* NewsFeedApp */ = {
			isa = PBXNativeTarget;
			buildConfigurationList = 3799B300206BCB8F00730E85 /* Build configuration list for PBXNativeTarget "NewsFeedApp" */;
			buildPhases = (
				B29ABFA6BC0EC4D75954DEBF /* [CP] Check Pods Manifest.lock */,
				3799B2D4206BCB8E00730E85 /* Sources */,
				3799B2D5206BCB8E00730E85 /* Frameworks */,
				3799B2D6206BCB8E00730E85 /* Resources */,
				018A5050059B6382DEE9FB55 /* [CP] Embed Pods Frameworks */,
				348491D2E0537CAE46D5C01A /* [CP] Copy Pods Resources */,
				37D40231206BCDA400519DC9 /* R.swift */,
				37D4023A206BE42300519DC9 /* SwiftLint */,
			);
			buildRules = (
			);
			dependencies = (
			);
			name = NewsFeedApp;
			productName = NewsFeedApp;
			productReference = 3799B2D8206BCB8F00730E85 /* NewsFeedApp.app */;
			productType = "com.apple.product-type.application";
		};
		3799B2EB206BCB8F00730E85 /* NewsFeedAppTests */ = {
			isa = PBXNativeTarget;
			buildConfigurationList = 3799B303206BCB8F00730E85 /* Build configuration list for PBXNativeTarget "NewsFeedAppTests" */;
			buildPhases = (
				49DF759A9B0431078AA346CB /* [CP] Check Pods Manifest.lock */,
				3799B2E8206BCB8F00730E85 /* Sources */,
				3799B2E9206BCB8F00730E85 /* Frameworks */,
				3799B2EA206BCB8F00730E85 /* Resources */,
				7EE4C399514179EF99359500 /* [CP] Embed Pods Frameworks */,
				C2548AF9D5F4FE32FC51989D /* [CP] Copy Pods Resources */,
			);
			buildRules = (
			);
			dependencies = (
				3799B2EE206BCB8F00730E85 /* PBXTargetDependency */,
			);
			name = NewsFeedAppTests;
			productName = NewsFeedAppTests;
			productReference = 3799B2EC206BCB8F00730E85 /* NewsFeedAppTests.xctest */;
			productType = "com.apple.product-type.bundle.unit-test";
		};
		3799B2F6206BCB8F00730E85 /* NewsFeedAppUITests */ = {
			isa = PBXNativeTarget;
			buildConfigurationList = 3799B306206BCB8F00730E85 /* Build configuration list for PBXNativeTarget "NewsFeedAppUITests" */;
			buildPhases = (
				9089B6C031E79AEB40A1C5CC /* [CP] Check Pods Manifest.lock */,
				3799B2F3206BCB8F00730E85 /* Sources */,
				3799B2F4206BCB8F00730E85 /* Frameworks */,
				3799B2F5206BCB8F00730E85 /* Resources */,
				A9039E0DC4F1214C8DCEEFFF /* [CP] Embed Pods Frameworks */,
				D0ED29ED89F1D16A938A5FC5 /* [CP] Copy Pods Resources */,
			);
			buildRules = (
			);
			dependencies = (
				3799B2F9206BCB8F00730E85 /* PBXTargetDependency */,
			);
			name = NewsFeedAppUITests;
			productName = NewsFeedAppUITests;
			productReference = 3799B2F7206BCB8F00730E85 /* NewsFeedAppUITests.xctest */;
			productType = "com.apple.product-type.bundle.ui-testing";
		};
/* End PBXNativeTarget section */

/* Begin PBXProject section */
		3799B2D0206BCB8E00730E85 /* Project object */ = {
			isa = PBXProject;
			attributes = {
				LastSwiftUpdateCheck = 0920;
				LastUpgradeCheck = 0920;
				ORGANIZATIONNAME = "Mr Bouchkov";
				TargetAttributes = {
					3799B2D7206BCB8E00730E85 = {
						CreatedOnToolsVersion = 9.2;
						ProvisioningStyle = Automatic;
					};
					3799B2EB206BCB8F00730E85 = {
						CreatedOnToolsVersion = 9.2;
						ProvisioningStyle = Automatic;
						TestTargetID = 3799B2D7206BCB8E00730E85;
					};
					3799B2F6206BCB8F00730E85 = {
						CreatedOnToolsVersion = 9.2;
						ProvisioningStyle = Automatic;
						TestTargetID = 3799B2D7206BCB8E00730E85;
					};
				};
			};
			buildConfigurationList = 3799B2D3206BCB8E00730E85 /* Build configuration list for PBXProject "NewsFeedApp" */;
			compatibilityVersion = "Xcode 8.0";
			developmentRegion = en;
			hasScannedForEncodings = 0;
			knownRegions = (
				en,
				Base,
			);
			mainGroup = 3799B2CF206BCB8E00730E85;
			productRefGroup = 3799B2D9206BCB8F00730E85 /* Products */;
			projectDirPath = "";
			projectRoot = "";
			targets = (
				3799B2D7206BCB8E00730E85 /* NewsFeedApp */,
				3799B2EB206BCB8F00730E85 /* NewsFeedAppTests */,
				3799B2F6206BCB8F00730E85 /* NewsFeedAppUITests */,
			);
		};
/* End PBXProject section */

/* Begin PBXResourcesBuildPhase section */
		3799B2D6206BCB8E00730E85 /* Resources */ = {
			isa = PBXResourcesBuildPhase;
			buildActionMask = 2147483647;
			files = (
				3799B2E6206BCB8F00730E85 /* LaunchScreen.storyboard in Resources */,
				3799B2E3206BCB8F00730E85 /* Assets.xcassets in Resources */,
				3799B2E1206BCB8F00730E85 /* Main.storyboard in Resources */,
				37502C0A206BEDD300F3CD27 /* LoginScene.storyboard in Resources */,
			);
			runOnlyForDeploymentPostprocessing = 0;
		};
		3799B2EA206BCB8F00730E85 /* Resources */ = {
			isa = PBXResourcesBuildPhase;
			buildActionMask = 2147483647;
			files = (
			);
			runOnlyForDeploymentPostprocessing = 0;
		};
		3799B2F5206BCB8F00730E85 /* Resources */ = {
			isa = PBXResourcesBuildPhase;
			buildActionMask = 2147483647;
			files = (
			);
			runOnlyForDeploymentPostprocessing = 0;
		};
/* End PBXResourcesBuildPhase section */

/* Begin PBXShellScriptBuildPhase section */
		018A5050059B6382DEE9FB55 /* [CP] Embed Pods Frameworks */ = {
			isa = PBXShellScriptBuildPhase;
			buildActionMask = 2147483647;
			files = (
			);
			inputPaths = (
				"${SRCROOT}/Pods/Target Support Files/Pods-NewsFeedApp/Pods-NewsFeedApp-frameworks.sh",
				"${BUILT_PRODUCTS_DIR}/Alamofire/Alamofire.framework",
				"${BUILT_PRODUCTS_DIR}/IQKeyboardManager/IQKeyboardManager.framework",
				"${BUILT_PRODUCTS_DIR}/R.swift.Library/Rswift.framework",
				"${BUILT_PRODUCTS_DIR}/SWRevealViewController/SWRevealViewController.framework",
				"${BUILT_PRODUCTS_DIR}/TextFieldEffects/TextFieldEffects.framework",
			);
			name = "[CP] Embed Pods Frameworks";
			outputPaths = (
				"${TARGET_BUILD_DIR}/${FRAMEWORKS_FOLDER_PATH}/Alamofire.framework",
				"${TARGET_BUILD_DIR}/${FRAMEWORKS_FOLDER_PATH}/IQKeyboardManager.framework",
				"${TARGET_BUILD_DIR}/${FRAMEWORKS_FOLDER_PATH}/Rswift.framework",
				"${TARGET_BUILD_DIR}/${FRAMEWORKS_FOLDER_PATH}/SWRevealViewController.framework",
				"${TARGET_BUILD_DIR}/${FRAMEWORKS_FOLDER_PATH}/TextFieldEffects.framework",
			);
			runOnlyForDeploymentPostprocessing = 0;
			shellPath = /bin/sh;
			shellScript = "\"${SRCROOT}/Pods/Target Support Files/Pods-NewsFeedApp/Pods-NewsFeedApp-frameworks.sh\"\n";
			showEnvVarsInLog = 0;
		};
		348491D2E0537CAE46D5C01A /* [CP] Copy Pods Resources */ = {
			isa = PBXShellScriptBuildPhase;
			buildActionMask = 2147483647;
			files = (
			);
			inputPaths = (
			);
			name = "[CP] Copy Pods Resources";
			outputPaths = (
			);
			runOnlyForDeploymentPostprocessing = 0;
			shellPath = /bin/sh;
			shellScript = "\"${SRCROOT}/Pods/Target Support Files/Pods-NewsFeedApp/Pods-NewsFeedApp-resources.sh\"\n";
			showEnvVarsInLog = 0;
		};
		37D40231206BCDA400519DC9 /* R.swift */ = {
			isa = PBXShellScriptBuildPhase;
			buildActionMask = 2147483647;
			files = (
			);
			inputPaths = (
			);
			name = R.swift;
			outputPaths = (
			);
			runOnlyForDeploymentPostprocessing = 0;
			shellPath = /bin/sh;
			shellScript = "\"$PODS_ROOT/R.swift/rswift\" generate \"$SRCROOT\"\n";
		};
		37D4023A206BE42300519DC9 /* SwiftLint */ = {
			isa = PBXShellScriptBuildPhase;
			buildActionMask = 12;
			files = (
			);
			inputPaths = (
			);
			name = SwiftLint;
			outputPaths = (
			);
			runOnlyForDeploymentPostprocessing = 0;
			shellPath = /bin/sh;
			shellScript = "if which swiftlint >/dev/null; then\n    swiftlint\nelse\n    echo \"warning: SwiftLint not installed, download from https://github.com/realm/SwiftLint\"\nfi";
		};
		49DF759A9B0431078AA346CB /* [CP] Check Pods Manifest.lock */ = {
			isa = PBXShellScriptBuildPhase;
			buildActionMask = 2147483647;
			files = (
			);
			inputPaths = (
				"${PODS_PODFILE_DIR_PATH}/Podfile.lock",
				"${PODS_ROOT}/Manifest.lock",
			);
			name = "[CP] Check Pods Manifest.lock";
			outputPaths = (
				"$(DERIVED_FILE_DIR)/Pods-NewsFeedAppTests-checkManifestLockResult.txt",
			);
			runOnlyForDeploymentPostprocessing = 0;
			shellPath = /bin/sh;
			shellScript = "diff \"${PODS_PODFILE_DIR_PATH}/Podfile.lock\" \"${PODS_ROOT}/Manifest.lock\" > /dev/null\nif [ $? != 0 ] ; then\n    # print error to STDERR\n    echo \"error: The sandbox is not in sync with the Podfile.lock. Run 'pod install' or update your CocoaPods installation.\" >&2\n    exit 1\nfi\n# This output is used by Xcode 'outputs' to avoid re-running this script phase.\necho \"SUCCESS\" > \"${SCRIPT_OUTPUT_FILE_0}\"\n";
			showEnvVarsInLog = 0;
		};
		7EE4C399514179EF99359500 /* [CP] Embed Pods Frameworks */ = {
			isa = PBXShellScriptBuildPhase;
			buildActionMask = 2147483647;
			files = (
			);
			inputPaths = (
			);
			name = "[CP] Embed Pods Frameworks";
			outputPaths = (
			);
			runOnlyForDeploymentPostprocessing = 0;
			shellPath = /bin/sh;
			shellScript = "\"${SRCROOT}/Pods/Target Support Files/Pods-NewsFeedAppTests/Pods-NewsFeedAppTests-frameworks.sh\"\n";
			showEnvVarsInLog = 0;
		};
		9089B6C031E79AEB40A1C5CC /* [CP] Check Pods Manifest.lock */ = {
			isa = PBXShellScriptBuildPhase;
			buildActionMask = 2147483647;
			files = (
			);
			inputPaths = (
				"${PODS_PODFILE_DIR_PATH}/Podfile.lock",
				"${PODS_ROOT}/Manifest.lock",
			);
			name = "[CP] Check Pods Manifest.lock";
			outputPaths = (
				"$(DERIVED_FILE_DIR)/Pods-NewsFeedAppUITests-checkManifestLockResult.txt",
			);
			runOnlyForDeploymentPostprocessing = 0;
			shellPath = /bin/sh;
			shellScript = "diff \"${PODS_PODFILE_DIR_PATH}/Podfile.lock\" \"${PODS_ROOT}/Manifest.lock\" > /dev/null\nif [ $? != 0 ] ; then\n    # print error to STDERR\n    echo \"error: The sandbox is not in sync with the Podfile.lock. Run 'pod install' or update your CocoaPods installation.\" >&2\n    exit 1\nfi\n# This output is used by Xcode 'outputs' to avoid re-running this script phase.\necho \"SUCCESS\" > \"${SCRIPT_OUTPUT_FILE_0}\"\n";
			showEnvVarsInLog = 0;
		};
		A9039E0DC4F1214C8DCEEFFF /* [CP] Embed Pods Frameworks */ = {
			isa = PBXShellScriptBuildPhase;
			buildActionMask = 2147483647;
			files = (
			);
			inputPaths = (
			);
			name = "[CP] Embed Pods Frameworks";
			outputPaths = (
			);
			runOnlyForDeploymentPostprocessing = 0;
			shellPath = /bin/sh;
			shellScript = "\"${SRCROOT}/Pods/Target Support Files/Pods-NewsFeedAppUITests/Pods-NewsFeedAppUITests-frameworks.sh\"\n";
			showEnvVarsInLog = 0;
		};
		B29ABFA6BC0EC4D75954DEBF /* [CP] Check Pods Manifest.lock */ = {
			isa = PBXShellScriptBuildPhase;
			buildActionMask = 2147483647;
			files = (
			);
			inputPaths = (
				"${PODS_PODFILE_DIR_PATH}/Podfile.lock",
				"${PODS_ROOT}/Manifest.lock",
			);
			name = "[CP] Check Pods Manifest.lock";
			outputPaths = (
				"$(DERIVED_FILE_DIR)/Pods-NewsFeedApp-checkManifestLockResult.txt",
			);
			runOnlyForDeploymentPostprocessing = 0;
			shellPath = /bin/sh;
			shellScript = "diff \"${PODS_PODFILE_DIR_PATH}/Podfile.lock\" \"${PODS_ROOT}/Manifest.lock\" > /dev/null\nif [ $? != 0 ] ; then\n    # print error to STDERR\n    echo \"error: The sandbox is not in sync with the Podfile.lock. Run 'pod install' or update your CocoaPods installation.\" >&2\n    exit 1\nfi\n# This output is used by Xcode 'outputs' to avoid re-running this script phase.\necho \"SUCCESS\" > \"${SCRIPT_OUTPUT_FILE_0}\"\n";
			showEnvVarsInLog = 0;
		};
		C2548AF9D5F4FE32FC51989D /* [CP] Copy Pods Resources */ = {
			isa = PBXShellScriptBuildPhase;
			buildActionMask = 2147483647;
			files = (
			);
			inputPaths = (
			);
			name = "[CP] Copy Pods Resources";
			outputPaths = (
			);
			runOnlyForDeploymentPostprocessing = 0;
			shellPath = /bin/sh;
			shellScript = "\"${SRCROOT}/Pods/Target Support Files/Pods-NewsFeedAppTests/Pods-NewsFeedAppTests-resources.sh\"\n";
			showEnvVarsInLog = 0;
		};
		D0ED29ED89F1D16A938A5FC5 /* [CP] Copy Pods Resources */ = {
			isa = PBXShellScriptBuildPhase;
			buildActionMask = 2147483647;
			files = (
			);
			inputPaths = (
			);
			name = "[CP] Copy Pods Resources";
			outputPaths = (
			);
			runOnlyForDeploymentPostprocessing = 0;
			shellPath = /bin/sh;
			shellScript = "\"${SRCROOT}/Pods/Target Support Files/Pods-NewsFeedAppUITests/Pods-NewsFeedAppUITests-resources.sh\"\n";
			showEnvVarsInLog = 0;
		};
/* End PBXShellScriptBuildPhase section */

/* Begin PBXSourcesBuildPhase section */
		3799B2D4206BCB8E00730E85 /* Sources */ = {
			isa = PBXSourcesBuildPhase;
			buildActionMask = 2147483647;
			files = (
				37502C08206BED6700F3CD27 /* LoginViewController.swift in Sources */,
				37D4022A206BCCF600519DC9 /* ArticlesViewController.swift in Sources */,
				37D4023C206BE61600519DC9 /* UITableView+.swift in Sources */,
				3799B2DC206BCB8F00730E85 /* AppDelegate.swift in Sources */,
				37D40235206BCE9600519DC9 /* R.generated.swift in Sources */,
				37D4023F206BE64500519DC9 /* UIColor+.swift in Sources */,
			);
			runOnlyForDeploymentPostprocessing = 0;
		};
		3799B2E8206BCB8F00730E85 /* Sources */ = {
			isa = PBXSourcesBuildPhase;
			buildActionMask = 2147483647;
			files = (
				3799B2F1206BCB8F00730E85 /* NewsFeedAppTests.swift in Sources */,
			);
			runOnlyForDeploymentPostprocessing = 0;
		};
		3799B2F3206BCB8F00730E85 /* Sources */ = {
			isa = PBXSourcesBuildPhase;
			buildActionMask = 2147483647;
			files = (
				3799B2FC206BCB8F00730E85 /* NewsFeedAppUITests.swift in Sources */,
			);
			runOnlyForDeploymentPostprocessing = 0;
		};
/* End PBXSourcesBuildPhase section */

/* Begin PBXTargetDependency section */
		3799B2EE206BCB8F00730E85 /* PBXTargetDependency */ = {
			isa = PBXTargetDependency;
			target = 3799B2D7206BCB8E00730E85 /* NewsFeedApp */;
			targetProxy = 3799B2ED206BCB8F00730E85 /* PBXContainerItemProxy */;
		};
		3799B2F9206BCB8F00730E85 /* PBXTargetDependency */ = {
			isa = PBXTargetDependency;
			target = 3799B2D7206BCB8E00730E85 /* NewsFeedApp */;
			targetProxy = 3799B2F8206BCB8F00730E85 /* PBXContainerItemProxy */;
		};
/* End PBXTargetDependency section */

/* Begin PBXVariantGroup section */
		3799B2DF206BCB8F00730E85 /* Main.storyboard */ = {
			isa = PBXVariantGroup;
			children = (
				3799B2E0206BCB8F00730E85 /* Base */,
			);
			name = Main.storyboard;
			sourceTree = "<group>";
		};
		3799B2E4206BCB8F00730E85 /* LaunchScreen.storyboard */ = {
			isa = PBXVariantGroup;
			children = (
				3799B2E5206BCB8F00730E85 /* Base */,
			);
			name = LaunchScreen.storyboard;
			sourceTree = "<group>";
		};
/* End PBXVariantGroup section */

/* Begin XCBuildConfiguration section */
		3799B2FE206BCB8F00730E85 /* Debug */ = {
			isa = XCBuildConfiguration;
			buildSettings = {
				ALWAYS_SEARCH_USER_PATHS = NO;
				CLANG_ANALYZER_NONNULL = YES;
				CLANG_ANALYZER_NUMBER_OBJECT_CONVERSION = YES_AGGRESSIVE;
				CLANG_CXX_LANGUAGE_STANDARD = "gnu++14";
				CLANG_CXX_LIBRARY = "libc++";
				CLANG_ENABLE_MODULES = YES;
				CLANG_ENABLE_OBJC_ARC = YES;
				CLANG_WARN_BLOCK_CAPTURE_AUTORELEASING = YES;
				CLANG_WARN_BOOL_CONVERSION = YES;
				CLANG_WARN_COMMA = YES;
				CLANG_WARN_CONSTANT_CONVERSION = YES;
				CLANG_WARN_DIRECT_OBJC_ISA_USAGE = YES_ERROR;
				CLANG_WARN_DOCUMENTATION_COMMENTS = YES;
				CLANG_WARN_EMPTY_BODY = YES;
				CLANG_WARN_ENUM_CONVERSION = YES;
				CLANG_WARN_INFINITE_RECURSION = YES;
				CLANG_WARN_INT_CONVERSION = YES;
				CLANG_WARN_NON_LITERAL_NULL_CONVERSION = YES;
				CLANG_WARN_OBJC_LITERAL_CONVERSION = YES;
				CLANG_WARN_OBJC_ROOT_CLASS = YES_ERROR;
				CLANG_WARN_RANGE_LOOP_ANALYSIS = YES;
				CLANG_WARN_STRICT_PROTOTYPES = YES;
				CLANG_WARN_SUSPICIOUS_MOVE = YES;
				CLANG_WARN_UNGUARDED_AVAILABILITY = YES_AGGRESSIVE;
				CLANG_WARN_UNREACHABLE_CODE = YES;
				CLANG_WARN__DUPLICATE_METHOD_MATCH = YES;
				CODE_SIGN_IDENTITY = "iPhone Developer";
				COPY_PHASE_STRIP = NO;
				DEBUG_INFORMATION_FORMAT = dwarf;
				ENABLE_STRICT_OBJC_MSGSEND = YES;
				ENABLE_TESTABILITY = YES;
				GCC_C_LANGUAGE_STANDARD = gnu11;
				GCC_DYNAMIC_NO_PIC = NO;
				GCC_NO_COMMON_BLOCKS = YES;
				GCC_OPTIMIZATION_LEVEL = 0;
				GCC_PREPROCESSOR_DEFINITIONS = (
					"DEBUG=1",
					"$(inherited)",
				);
				GCC_WARN_64_TO_32_BIT_CONVERSION = YES;
				GCC_WARN_ABOUT_RETURN_TYPE = YES_ERROR;
				GCC_WARN_UNDECLARED_SELECTOR = YES;
				GCC_WARN_UNINITIALIZED_AUTOS = YES_AGGRESSIVE;
				GCC_WARN_UNUSED_FUNCTION = YES;
				GCC_WARN_UNUSED_VARIABLE = YES;
				IPHONEOS_DEPLOYMENT_TARGET = 11.2;
				MTL_ENABLE_DEBUG_INFO = YES;
				ONLY_ACTIVE_ARCH = YES;
				SDKROOT = iphoneos;
				SWIFT_ACTIVE_COMPILATION_CONDITIONS = DEBUG;
				SWIFT_OPTIMIZATION_LEVEL = "-Onone";
			};
			name = Debug;
		};
		3799B2FF206BCB8F00730E85 /* Release */ = {
			isa = XCBuildConfiguration;
			buildSettings = {
				ALWAYS_SEARCH_USER_PATHS = NO;
				CLANG_ANALYZER_NONNULL = YES;
				CLANG_ANALYZER_NUMBER_OBJECT_CONVERSION = YES_AGGRESSIVE;
				CLANG_CXX_LANGUAGE_STANDARD = "gnu++14";
				CLANG_CXX_LIBRARY = "libc++";
				CLANG_ENABLE_MODULES = YES;
				CLANG_ENABLE_OBJC_ARC = YES;
				CLANG_WARN_BLOCK_CAPTURE_AUTORELEASING = YES;
				CLANG_WARN_BOOL_CONVERSION = YES;
				CLANG_WARN_COMMA = YES;
				CLANG_WARN_CONSTANT_CONVERSION = YES;
				CLANG_WARN_DIRECT_OBJC_ISA_USAGE = YES_ERROR;
				CLANG_WARN_DOCUMENTATION_COMMENTS = YES;
				CLANG_WARN_EMPTY_BODY = YES;
				CLANG_WARN_ENUM_CONVERSION = YES;
				CLANG_WARN_INFINITE_RECURSION = YES;
				CLANG_WARN_INT_CONVERSION = YES;
				CLANG_WARN_NON_LITERAL_NULL_CONVERSION = YES;
				CLANG_WARN_OBJC_LITERAL_CONVERSION = YES;
				CLANG_WARN_OBJC_ROOT_CLASS = YES_ERROR;
				CLANG_WARN_RANGE_LOOP_ANALYSIS = YES;
				CLANG_WARN_STRICT_PROTOTYPES = YES;
				CLANG_WARN_SUSPICIOUS_MOVE = YES;
				CLANG_WARN_UNGUARDED_AVAILABILITY = YES_AGGRESSIVE;
				CLANG_WARN_UNREACHABLE_CODE = YES;
				CLANG_WARN__DUPLICATE_METHOD_MATCH = YES;
				CODE_SIGN_IDENTITY = "iPhone Developer";
				COPY_PHASE_STRIP = NO;
				DEBUG_INFORMATION_FORMAT = "dwarf-with-dsym";
				ENABLE_NS_ASSERTIONS = NO;
				ENABLE_STRICT_OBJC_MSGSEND = YES;
				GCC_C_LANGUAGE_STANDARD = gnu11;
				GCC_NO_COMMON_BLOCKS = YES;
				GCC_WARN_64_TO_32_BIT_CONVERSION = YES;
				GCC_WARN_ABOUT_RETURN_TYPE = YES_ERROR;
				GCC_WARN_UNDECLARED_SELECTOR = YES;
				GCC_WARN_UNINITIALIZED_AUTOS = YES_AGGRESSIVE;
				GCC_WARN_UNUSED_FUNCTION = YES;
				GCC_WARN_UNUSED_VARIABLE = YES;
				IPHONEOS_DEPLOYMENT_TARGET = 11.2;
				MTL_ENABLE_DEBUG_INFO = NO;
				SDKROOT = iphoneos;
				SWIFT_OPTIMIZATION_LEVEL = "-Owholemodule";
				VALIDATE_PRODUCT = YES;
			};
			name = Release;
		};
		3799B301206BCB8F00730E85 /* Debug */ = {
			isa = XCBuildConfiguration;
			baseConfigurationReference = 2485B1203A55F3C4D45A1151 /* Pods-NewsFeedApp.debug.xcconfig */;
			buildSettings = {
				ASSETCATALOG_COMPILER_APPICON_NAME = AppIcon;
				CODE_SIGN_STYLE = Automatic;
				DEVELOPMENT_TEAM = 573XWKU3VP;
				INFOPLIST_FILE = NewsFeedApp/Info.plist;
				IPHONEOS_DEPLOYMENT_TARGET = 11.0;
				LD_RUNPATH_SEARCH_PATHS = "$(inherited) @executable_path/Frameworks";
				PRODUCT_BUNDLE_IDENTIFIER = Adastra.NewsFeedApp;
				PRODUCT_NAME = "$(TARGET_NAME)";
				SWIFT_VERSION = 4.0;
				TARGETED_DEVICE_FAMILY = "1,2";
			};
			name = Debug;
		};
		3799B302206BCB8F00730E85 /* Release */ = {
			isa = XCBuildConfiguration;
			baseConfigurationReference = FB094123886A674045C57E65 /* Pods-NewsFeedApp.release.xcconfig */;
			buildSettings = {
				ASSETCATALOG_COMPILER_APPICON_NAME = AppIcon;
				CODE_SIGN_STYLE = Automatic;
				DEVELOPMENT_TEAM = 573XWKU3VP;
				INFOPLIST_FILE = NewsFeedApp/Info.plist;
				IPHONEOS_DEPLOYMENT_TARGET = 11.0;
				LD_RUNPATH_SEARCH_PATHS = "$(inherited) @executable_path/Frameworks";
				PRODUCT_BUNDLE_IDENTIFIER = Adastra.NewsFeedApp;
				PRODUCT_NAME = "$(TARGET_NAME)";
				SWIFT_VERSION = 4.0;
				TARGETED_DEVICE_FAMILY = "1,2";
			};
			name = Release;
		};
		3799B304206BCB8F00730E85 /* Debug */ = {
			isa = XCBuildConfiguration;
			baseConfigurationReference = 2687E13D006776F5CEFC777C /* Pods-NewsFeedAppTests.debug.xcconfig */;
			buildSettings = {
				ALWAYS_EMBED_SWIFT_STANDARD_LIBRARIES = YES;
				BUNDLE_LOADER = "$(TEST_HOST)";
				CODE_SIGN_STYLE = Automatic;
				DEVELOPMENT_TEAM = 573XWKU3VP;
				INFOPLIST_FILE = NewsFeedAppTests/Info.plist;
				LD_RUNPATH_SEARCH_PATHS = "$(inherited) @executable_path/Frameworks @loader_path/Frameworks";
				PRODUCT_BUNDLE_IDENTIFIER = Adastra.NewsFeedAppTests;
				PRODUCT_NAME = "$(TARGET_NAME)";
				SWIFT_VERSION = 4.0;
				TARGETED_DEVICE_FAMILY = "1,2";
				TEST_HOST = "$(BUILT_PRODUCTS_DIR)/NewsFeedApp.app/NewsFeedApp";
			};
			name = Debug;
		};
		3799B305206BCB8F00730E85 /* Release */ = {
			isa = XCBuildConfiguration;
			baseConfigurationReference = 27AEEE7146244A0EF69B2F6A /* Pods-NewsFeedAppTests.release.xcconfig */;
			buildSettings = {
				ALWAYS_EMBED_SWIFT_STANDARD_LIBRARIES = YES;
				BUNDLE_LOADER = "$(TEST_HOST)";
				CODE_SIGN_STYLE = Automatic;
				DEVELOPMENT_TEAM = 573XWKU3VP;
				INFOPLIST_FILE = NewsFeedAppTests/Info.plist;
				LD_RUNPATH_SEARCH_PATHS = "$(inherited) @executable_path/Frameworks @loader_path/Frameworks";
				PRODUCT_BUNDLE_IDENTIFIER = Adastra.NewsFeedAppTests;
				PRODUCT_NAME = "$(TARGET_NAME)";
				SWIFT_VERSION = 4.0;
				TARGETED_DEVICE_FAMILY = "1,2";
				TEST_HOST = "$(BUILT_PRODUCTS_DIR)/NewsFeedApp.app/NewsFeedApp";
			};
			name = Release;
		};
		3799B307206BCB8F00730E85 /* Debug */ = {
			isa = XCBuildConfiguration;
			baseConfigurationReference = 23FB444BDB0D4D97D15B069F /* Pods-NewsFeedAppUITests.debug.xcconfig */;
			buildSettings = {
				ALWAYS_EMBED_SWIFT_STANDARD_LIBRARIES = YES;
				CODE_SIGN_STYLE = Automatic;
				DEVELOPMENT_TEAM = 573XWKU3VP;
				INFOPLIST_FILE = NewsFeedAppUITests/Info.plist;
				LD_RUNPATH_SEARCH_PATHS = "$(inherited) @executable_path/Frameworks @loader_path/Frameworks";
				PRODUCT_BUNDLE_IDENTIFIER = Adastra.NewsFeedAppUITests;
				PRODUCT_NAME = "$(TARGET_NAME)";
				SWIFT_VERSION = 4.0;
				TARGETED_DEVICE_FAMILY = "1,2";
				TEST_TARGET_NAME = NewsFeedApp;
			};
			name = Debug;
		};
		3799B308206BCB8F00730E85 /* Release */ = {
			isa = XCBuildConfiguration;
			baseConfigurationReference = E3C756FAFB673969B0AE270D /* Pods-NewsFeedAppUITests.release.xcconfig */;
			buildSettings = {
				ALWAYS_EMBED_SWIFT_STANDARD_LIBRARIES = YES;
				CODE_SIGN_STYLE = Automatic;
				DEVELOPMENT_TEAM = 573XWKU3VP;
				INFOPLIST_FILE = NewsFeedAppUITests/Info.plist;
				LD_RUNPATH_SEARCH_PATHS = "$(inherited) @executable_path/Frameworks @loader_path/Frameworks";
				PRODUCT_BUNDLE_IDENTIFIER = Adastra.NewsFeedAppUITests;
				PRODUCT_NAME = "$(TARGET_NAME)";
				SWIFT_VERSION = 4.0;
				TARGETED_DEVICE_FAMILY = "1,2";
				TEST_TARGET_NAME = NewsFeedApp;
			};
			name = Release;
		};
/* End XCBuildConfiguration section */

/* Begin XCConfigurationList section */
		3799B2D3206BCB8E00730E85 /* Build configuration list for PBXProject "NewsFeedApp" */ = {
			isa = XCConfigurationList;
			buildConfigurations = (
				3799B2FE206BCB8F00730E85 /* Debug */,
				3799B2FF206BCB8F00730E85 /* Release */,
			);
			defaultConfigurationIsVisible = 0;
			defaultConfigurationName = Release;
		};
		3799B300206BCB8F00730E85 /* Build configuration list for PBXNativeTarget "NewsFeedApp" */ = {
			isa = XCConfigurationList;
			buildConfigurations = (
				3799B301206BCB8F00730E85 /* Debug */,
				3799B302206BCB8F00730E85 /* Release */,
			);
			defaultConfigurationIsVisible = 0;
			defaultConfigurationName = Release;
		};
		3799B303206BCB8F00730E85 /* Build configuration list for PBXNativeTarget "NewsFeedAppTests" */ = {
			isa = XCConfigurationList;
			buildConfigurations = (
				3799B304206BCB8F00730E85 /* Debug */,
				3799B305206BCB8F00730E85 /* Release */,
			);
			defaultConfigurationIsVisible = 0;
			defaultConfigurationName = Release;
		};
		3799B306206BCB8F00730E85 /* Build configuration list for PBXNativeTarget "NewsFeedAppUITests" */ = {
			isa = XCConfigurationList;
			buildConfigurations = (
				3799B307206BCB8F00730E85 /* Debug */,
				3799B308206BCB8F00730E85 /* Release */,
			);
			defaultConfigurationIsVisible = 0;
			defaultConfigurationName = Release;
		};
/* End XCConfigurationList section */
	};
	rootObject = 3799B2D0206BCB8E00730E85 /* Project object */;
}
